<Solution>
  <Folder Name="/sample/" Id="9068387a-46df-4b24-b1d4-20d0313b00f4">
    <Project Path="sample/EmbeddedResourceWebApp/EmbeddedResourceWebApp.csproj" Id="46a76e06-e999-4d67-8ccd-15ea44a58702" />
  </Folder>
  <Folder Name="/solution items/">
    <File Path=".editorconfig" />
    <File Path="CodeMaid.config" />
    <File Path="Directory.Build.props" />
    <File Path="global.json" />
    <File Path="LICENSE.txt" />
    <File Path="README.md" />
  </Folder>
  <Folder Name="/src/">
    <Project Path="src/ResourceCompressor/ResourceCompressor.csproj" />
  </Folder>
  <Folder Name="/test/" Id="02ea681e-c7d8-13c7-8484-4ac65e1b71e8">
    <Project Path="test/ResourceCompressor.Test/ResourceCompressor.Test.csproj" Id="824b366e-14f1-4064-904c-efb3b418da50" />
    <Project Path="test/ResourceCompressor.TestLibrary.MultiTargeting/ResourceCompressor.TestLibrary.MultiTargeting.csproj" Id="c11e8332-9379-4068-810f-bcc411c2e142" />
    <Project Path="test/ResourceCompressor.TestLibrary/ResourceCompressor.TestLibrary.csproj" Id="ae870285-329e-483e-9199-72cd60faa912" />
  </Folder>
</Solution>
